[[package]]
name = "hello"
version = "0.1.0"
description = ""
category = "main"
optional = false
python-versions = "^3.8"
develop = true

[package.source]
type = "directory"
url = "../../pkg/hello"

[metadata]
lock-version = "1.1"
python-versions = "^3.8"
content-hash = "ce4fed19dbc429909bf053b73beadb2aeb915e2813c0724de4744ae45e812a97"

[metadata.files]
hello = []
